
Microsoft Visual Studio Solution File, Format Version 12.00
# Visual Studio Version 16
VisualStudioVersion = 16.0.30104.148
MinimumVisualStudioVersion = 10.0.40219.1
Project("{FAE04EC0-301F-11D3-BF4B-00C04F79EFBC}") = "ApacheIgniteLinqIssue", "ApacheIgniteLinqIssue\ApacheIgniteLinqIssue.csproj", "{C617277D-0A30-4EFD-B9F3-84594721D5FB}"
EndProject
Global
	GlobalSection(SolutionConfigurationPlatforms) = preSolution
		Debug|Any CPU = Debug|Any CPU
		Release|Any CPU = Release|Any CPU
	EndGlobalSection
	GlobalSection(ProjectConfigurationPlatforms) = postSolution
		{C617277D-0A30-4EFD-B9F3-84594721D5FB}.Debug|Any CPU.ActiveCfg = Debug|Any CPU
		{C617277D-0A30-4EFD-B9F3-84594721D5FB}.Debug|Any CPU.Build.0 = Debug|Any CPU
		{C617277D-0A30-4EFD-B9F3-84594721D5FB}.Release|Any CPU.ActiveCfg = Release|Any CPU
		{C617277D-0A30-4EFD-B9F3-84594721D5FB}.Release|Any CPU.Build.0 = Release|Any CPU
	EndGlobalSection
	GlobalSection(SolutionProperties) = preSolution
		HideSolutionNode = FALSE
	EndGlobalSection
	GlobalSection(ExtensibilityGlobals) = postSolution
		SolutionGuid = {26F8EAA3-9E03-4506-A5FF-DAECBB2C806C}
	EndGlobalSection
EndGlobal
